// !$*UTF8*$!
{
	archiveVersion = 1;
	classes = {
	};
	objectVersion = 46;
	objects = {

/* Begin PBXBuildFile section */
		08D0957A193D7B7C00C3EB35 /* MJArgument.h in Headers */ = {isa = PBXBuildFile; fileRef = 08D09567193D7B7C00C3EB35 /* MJArgument.h */; };
		08D0957B193D7B7C00C3EB35 /* MJArgument.m in Sources */ = {isa = PBXBuildFile; fileRef = 08D09568193D7B7C00C3EB35 /* MJArgument.m */; };
		08D0957C193D7B7C00C3EB35 /* MJExtension.h in Headers */ = {isa = PBXBuildFile; fileRef = 08D09569193D7B7C00C3EB35 /* MJExtension.h */; settings = {ATTRIBUTES = (Public, ); }; };
		08D0957D193D7B7C00C3EB35 /* MJIvar.h in Headers */ = {isa = PBXBuildFile; fileRef = 08D0956A193D7B7C00C3EB35 /* MJIvar.h */; };
		08D0957E193D7B7C00C3EB35 /* MJIvar.m in Sources */ = {isa = PBXBuildFile; fileRef = 08D0956B193D7B7C00C3EB35 /* MJIvar.m */; };
		08D0957F193D7B7C00C3EB35 /* MJMember.h in Headers */ = {isa = PBXBuildFile; fileRef = 08D0956C193D7B7C00C3EB35 /* MJMember.h */; };
		08D09580193D7B7C00C3EB35 /* MJMember.m in Sources */ = {isa = PBXBuildFile; fileRef = 08D0956D193D7B7C00C3EB35 /* MJMember.m */; };
		08D09581193D7B7C00C3EB35 /* MJMethod.h in Headers */ = {isa = PBXBuildFile; fileRef = 08D0956E193D7B7C00C3EB35 /* MJMethod.h */; };
		08D09582193D7B7C00C3EB35 /* MJMethod.m in Sources */ = {isa = PBXBuildFile; fileRef = 08D0956F193D7B7C00C3EB35 /* MJMethod.m */; };
		08D09583193D7B7C00C3EB35 /* MJType.h in Headers */ = {isa = PBXBuildFile; fileRef = 08D09570193D7B7C00C3EB35 /* MJType.h */; };
		08D09584193D7B7C00C3EB35 /* MJType.m in Sources */ = {isa = PBXBuildFile; fileRef = 08D09571193D7B7C00C3EB35 /* MJType.m */; };
		08D09585193D7B7C00C3EB35 /* MJTypeEncoding.h in Headers */ = {isa = PBXBuildFile; fileRef = 08D09572193D7B7C00C3EB35 /* MJTypeEncoding.h */; settings = {ATTRIBUTES = (Public, ); }; };
		08D09586193D7B7C00C3EB35 /* MJTypeEncoding.m in Sources */ = {isa = PBXBuildFile; fileRef = 08D09573193D7B7C00C3EB35 /* MJTypeEncoding.m */; };
		08D09587193D7B7C00C3EB35 /* NSObject+MJCoding.h in Headers */ = {isa = PBXBuildFile; fileRef = 08D09574193D7B7C00C3EB35 /* NSObject+MJCoding.h */; settings = {ATTRIBUTES = (Public, ); }; };
		08D09588193D7B7C00C3EB35 /* NSObject+MJCoding.m in Sources */ = {isa = PBXBuildFile; fileRef = 08D09575193D7B7C00C3EB35 /* NSObject+MJCoding.m */; };
		08D09589193D7B7C00C3EB35 /* NSObject+MJKeyValue.h in Headers */ = {isa = PBXBuildFile; fileRef = 08D09576193D7B7C00C3EB35 /* NSObject+MJKeyValue.h */; settings = {ATTRIBUTES = (Public, ); }; };
		08D0958A193D7B7C00C3EB35 /* NSObject+MJKeyValue.m in Sources */ = {isa = PBXBuildFile; fileRef = 08D09577193D7B7C00C3EB35 /* NSObject+MJKeyValue.m */; };
		08D0958B193D7B7C00C3EB35 /* NSObject+MJMember.h in Headers */ = {isa = PBXBuildFile; fileRef = 08D09578193D7B7C00C3EB35 /* NSObject+MJMember.h */; settings = {ATTRIBUTES = (Public, ); }; };
		08D0958C193D7B7C00C3EB35 /* NSObject+MJMember.m in Sources */ = {isa = PBXBuildFile; fileRef = 08D09579193D7B7C00C3EB35 /* NSObject+MJMember.m */; };
		08D0958E193D7B8C00C3EB35 /* MJExtension.bundle in Resources */ = {isa = PBXBuildFile; fileRef = 08D0958D193D7B8C00C3EB35 /* MJExtension.bundle */; };
/* End PBXBuildFile section */

/* Begin PBXFileReference section */
		08D09551193D7B5F00C3EB35 /* MJExtension.framework */ = {isa = PBXFileReference; explicitFileType = wrapper.cfbundle; includeInIndex = 0; path = MJExtension.framework; sourceTree = BUILT_PRODUCTS_DIR; };
		08D09557193D7B5F00C3EB35 /* Foundation.framework */ = {isa = PBXFileReference; lastKnownFileType = wrapper.framework; name = Foundation.framework; path = System/Library/Frameworks/Foundation.framework; sourceTree = SDKROOT; };
		08D09558193D7B5F00C3EB35 /* CoreData.framework */ = {isa = PBXFileReference; lastKnownFileType = wrapper.framework; name = CoreData.framework; path = System/Library/Frameworks/CoreData.framework; sourceTree = SDKROOT; };
		08D09559193D7B5F00C3EB35 /* AppKit.framework */ = {isa = PBXFileReference; lastKnownFileType = wrapper.framework; name = AppKit.framework; path = System/Library/Frameworks/AppKit.framework; sourceTree = SDKROOT; };
		08D0955C193D7B5F00C3EB35 /* MJExtension-Info.plist */ = {isa = PBXFileReference; lastKnownFileType = text.plist.xml; path = "MJExtension-Info.plist"; sourceTree = "<group>"; };
		08D0955E193D7B5F00C3EB35 /* en */ = {isa = PBXFileReference; lastKnownFileType = text.plist.strings; name = en; path = en.lproj/InfoPlist.strings; sourceTree = "<group>"; };
		08D09560193D7B5F00C3EB35 /* MJExtension-Prefix.pch */ = {isa = PBXFileReference; lastKnownFileType = sourcecode.c.h; path = "MJExtension-Prefix.pch"; sourceTree = "<group>"; };
		08D09567193D7B7C00C3EB35 /* MJArgument.h */ = {isa = PBXFileReference; fileEncoding = 4; lastKnownFileType = sourcecode.c.h; path = MJArgument.h; sourceTree = "<group>"; };
		08D09568193D7B7C00C3EB35 /* MJArgument.m */ = {isa = PBXFileReference; fileEncoding = 4; lastKnownFileType = sourcecode.c.objc; path = MJArgument.m; sourceTree = "<group>"; };
		08D09569193D7B7C00C3EB35 /* MJExtension.h */ = {isa = PBXFileReference; fileEncoding = 4; lastKnownFileType = sourcecode.c.h; path = MJExtension.h; sourceTree = "<group>"; };
		08D0956A193D7B7C00C3EB35 /* MJIvar.h */ = {isa = PBXFileReference; fileEncoding = 4; lastKnownFileType = sourcecode.c.h; path = MJIvar.h; sourceTree = "<group>"; };
		08D0956B193D7B7C00C3EB35 /* MJIvar.m */ = {isa = PBXFileReference; fileEncoding = 4; lastKnownFileType = sourcecode.c.objc; path = MJIvar.m; sourceTree = "<group>"; };
		08D0956C193D7B7C00C3EB35 /* MJMember.h */ = {isa = PBXFileReference; fileEncoding = 4; lastKnownFileType = sourcecode.c.h; path = MJMember.h; sourceTree = "<group>"; };
		08D0956D193D7B7C00C3EB35 /* MJMember.m */ = {isa = PBXFileReference; fileEncoding = 4; lastKnownFileType = sourcecode.c.objc; path = MJMember.m; sourceTree = "<group>"; };
		08D0956E193D7B7C00C3EB35 /* MJMethod.h */ = {isa = PBXFileReference; fileEncoding = 4; lastKnownFileType = sourcecode.c.h; path = MJMethod.h; sourceTree = "<group>"; };
		08D0956F193D7B7C00C3EB35 /* MJMethod.m */ = {isa = PBXFileReference; fileEncoding = 4; lastKnownFileType = sourcecode.c.objc; path = MJMethod.m; sourceTree = "<group>"; };
		08D09570193D7B7C00C3EB35 /* MJType.h */ = {isa = PBXFileReference; fileEncoding = 4; lastKnownFileType = sourcecode.c.h; path = MJType.h; sourceTree = "<group>"; };
		08D09571193D7B7C00C3EB35 /* MJType.m */ = {isa = PBXFileReference; fileEncoding = 4; lastKnownFileType = sourcecode.c.objc; path = MJType.m; sourceTree = "<group>"; };
		08D09572193D7B7C00C3EB35 /* MJTypeEncoding.h */ = {isa = PBXFileReference; fileEncoding = 4; lastKnownFileType = sourcecode.c.h; path = MJTypeEncoding.h; sourceTree = "<group>"; };
		08D09573193D7B7C00C3EB35 /* MJTypeEncoding.m */ = {isa = PBXFileReference; fileEncoding = 4; lastKnownFileType = sourcecode.c.objc; path = MJTypeEncoding.m; sourceTree = "<group>"; };
		08D09574193D7B7C00C3EB35 /* NSObject+MJCoding.h */ = {isa = PBXFileReference; fileEncoding = 4; lastKnownFileType = sourcecode.c.h; path = "NSObject+MJCoding.h"; sourceTree = "<group>"; };
		08D09575193D7B7C00C3EB35 /* NSObject+MJCoding.m */ = {isa = PBXFileReference; fileEncoding = 4; lastKnownFileType = sourcecode.c.objc; path = "NSObject+MJCoding.m"; sourceTree = "<group>"; };
		08D09576193D7B7C00C3EB35 /* NSObject+MJKeyValue.h */ = {isa = PBXFileReference; fileEncoding = 4; lastKnownFileType = sourcecode.c.h; path = "NSObject+MJKeyValue.h"; sourceTree = "<group>"; };
		08D09577193D7B7C00C3EB35 /* NSObject+MJKeyValue.m */ = {isa = PBXFileReference; fileEncoding = 4; lastKnownFileType = sourcecode.c.objc; path = "NSObject+MJKeyValue.m"; sourceTree = "<group>"; };
		08D09578193D7B7C00C3EB35 /* NSObject+MJMember.h */ = {isa = PBXFileReference; fileEncoding = 4; lastKnownFileType = sourcecode.c.h; path = "NSObject+MJMember.h"; sourceTree = "<group>"; };
		08D09579193D7B7C00C3EB35 /* NSObject+MJMember.m */ = {isa = PBXFileReference; fileEncoding = 4; lastKnownFileType = sourcecode.c.objc; path = "NSObject+MJMember.m"; sourceTree = "<group>"; };
		08D0958D193D7B8C00C3EB35 /* MJExtension.bundle */ = {isa = PBXFileReference; lastKnownFileType = "wrapper.plug-in"; path = MJExtension.bundle; sourceTree = "<group>"; };
/* End PBXFileReference section */

/* Begin PBXFrameworksBuildPhase section */
		08D0954E193D7B5F00C3EB35 /* Frameworks */ = {
			isa = PBXFrameworksBuildPhase;
			buildActionMask = 2147483647;
			files = (
			);
			runOnlyForDeploymentPostprocessing = 0;
		};
/* End PBXFrameworksBuildPhase section */

/* Begin PBXGroup section */
		08D09548193D7B5F00C3EB35 = {
			isa = PBXGroup;
			children = (
				08D0955A193D7B5F00C3EB35 /* MJExtension */,
				08D09553193D7B5F00C3EB35 /* Frameworks */,
				08D09552193D7B5F00C3EB35 /* Products */,
			);
			sourceTree = "<group>";
		};
		08D09552193D7B5F00C3EB35 /* Products */ = {
			isa = PBXGroup;
			children = (
				08D09551193D7B5F00C3EB35 /* MJExtension.framework */,
			);
			name = Products;
			sourceTree = "<group>";
		};
		08D09553193D7B5F00C3EB35 /* Frameworks */ = {
			isa = PBXGroup;
			children = (
				08D09556193D7B5F00C3EB35 /* Other Frameworks */,
			);
			name = Frameworks;
			sourceTree = "<group>";
		};
		08D09556193D7B5F00C3EB35 /* Other Frameworks */ = {
			isa = PBXGroup;
			children = (
				08D09557193D7B5F00C3EB35 /* Foundation.framework */,
				08D09558193D7B5F00C3EB35 /* CoreData.framework */,
				08D09559193D7B5F00C3EB35 /* AppKit.framework */,
			);
			name = "Other Frameworks";
			sourceTree = "<group>";
		};
		08D0955A193D7B5F00C3EB35 /* MJExtension */ = {
			isa = PBXGroup;
			children = (
				08D0958D193D7B8C00C3EB35 /* MJExtension.bundle */,
				08D09567193D7B7C00C3EB35 /* MJArgument.h */,
				08D09568193D7B7C00C3EB35 /* MJArgument.m */,
				08D09569193D7B7C00C3EB35 /* MJExtension.h */,
				08D0956A193D7B7C00C3EB35 /* MJIvar.h */,
				08D0956B193D7B7C00C3EB35 /* MJIvar.m */,
				08D0956C193D7B7C00C3EB35 /* MJMember.h */,
				08D0956D193D7B7C00C3EB35 /* MJMember.m */,
				08D0956E193D7B7C00C3EB35 /* MJMethod.h */,
				08D0956F193D7B7C00C3EB35 /* MJMethod.m */,
				08D09570193D7B7C00C3EB35 /* MJType.h */,
				08D09571193D7B7C00C3EB35 /* MJType.m */,
				08D09572193D7B7C00C3EB35 /* MJTypeEncoding.h */,
				08D09573193D7B7C00C3EB35 /* MJTypeEncoding.m */,
				08D09574193D7B7C00C3EB35 /* NSObject+MJCoding.h */,
				08D09575193D7B7C00C3EB35 /* NSObject+MJCoding.m */,
				08D09576193D7B7C00C3EB35 /* NSObject+MJKeyValue.h */,
				08D09577193D7B7C00C3EB35 /* NSObject+MJKeyValue.m */,
				08D09578193D7B7C00C3EB35 /* NSObject+MJMember.h */,
				08D09579193D7B7C00C3EB35 /* NSObject+MJMember.m */,
				08D0955B193D7B5F00C3EB35 /* Supporting Files */,
			);
			path = MJExtension;
			sourceTree = "<group>";
		};
		08D0955B193D7B5F00C3EB35 /* Supporting Files */ = {
			isa = PBXGroup;
			children = (
				08D0955C193D7B5F00C3EB35 /* MJExtension-Info.plist */,
				08D0955D193D7B5F00C3EB35 /* InfoPlist.strings */,
				08D09560193D7B5F00C3EB35 /* MJExtension-Prefix.pch */,
			);
			name = "Supporting Files";
			sourceTree = "<group>";
		};
/* End PBXGroup section */

/* Begin PBXHeadersBuildPhase section */
		08D09566193D7B6800C3EB35 /* Headers */ = {
			isa = PBXHeadersBuildPhase;
			buildActionMask = 2147483647;
			files = (
				08D0957C193D7B7C00C3EB35 /* MJExtension.h in Headers */,
				08D09589193D7B7C00C3EB35 /* NSObject+MJKeyValue.h in Headers */,
				08D0958B193D7B7C00C3EB35 /* NSObject+MJMember.h in Headers */,
				08D09585193D7B7C00C3EB35 /* MJTypeEncoding.h in Headers */,
				08D09587193D7B7C00C3EB35 /* NSObject+MJCoding.h in Headers */,
				08D0957A193D7B7C00C3EB35 /* MJArgument.h in Headers */,
				08D0957D193D7B7C00C3EB35 /* MJIvar.h in Headers */,
				08D09583193D7B7C00C3EB35 /* MJType.h in Headers */,
				08D09581193D7B7C00C3EB35 /* MJMethod.h in Headers */,
				08D0957F193D7B7C00C3EB35 /* MJMember.h in Headers */,
			);
			runOnlyForDeploymentPostprocessing = 0;
		};
/* End PBXHeadersBuildPhase section */

/* Begin PBXNativeTarget section */
		08D09550193D7B5F00C3EB35 /* MJExtension */ = {
			isa = PBXNativeTarget;
			buildConfigurationList = 08D09563193D7B5F00C3EB35 /* Build configuration list for PBXNativeTarget "MJExtension" */;
			buildPhases = (
				08D0954D193D7B5F00C3EB35 /* Sources */,
				08D0954E193D7B5F00C3EB35 /* Frameworks */,
				08D0954F193D7B5F00C3EB35 /* Resources */,
				08D09566193D7B6800C3EB35 /* Headers */,
			);
			buildRules = (
			);
			dependencies = (
			);
			name = MJExtension;
			productName = MJExtension;
			productReference = 08D09551193D7B5F00C3EB35 /* MJExtension.framework */;
			productType = "com.apple.product-type.bundle";
		};
/* End PBXNativeTarget section */

/* Begin PBXProject section */
		08D09549193D7B5F00C3EB35 /* Project object */ = {
			isa = PBXProject;
			attributes = {
				LastUpgradeCheck = 0510;
				ORGANIZATIONNAME = itcast;
			};
			buildConfigurationList = 08D0954C193D7B5F00C3EB35 /* Build configuration list for PBXProject "MJExtension" */;
			compatibilityVersion = "Xcode 3.2";
			developmentRegion = English;
			hasScannedForEncodings = 0;
			knownRegions = (
				en,
			);
			mainGroup = 08D09548193D7B5F00C3EB35;
			productRefGroup = 08D09552193D7B5F00C3EB35 /* Products */;
			projectDirPath = "";
			projectRoot = "";
			targets = (
				08D09550193D7B5F00C3EB35 /* MJExtension */,
			);
		};
/* End PBXProject section */

/* Begin PBXResourcesBuildPhase section */
		08D0954F193D7B5F00C3EB35 /* Resources */ = {
			isa = PBXResourcesBuildPhase;
			buildActionMask = 2147483647;
			files = (
				08D0958E193D7B8C00C3EB35 /* MJExtension.bundle in Resources */,
			);
			runOnlyForDeploymentPostprocessing = 0;
		};
/* End PBXResourcesBuildPhase section */

/* Begin PBXSourcesBuildPhase section */
		08D0954D193D7B5F00C3EB35 /* Sources */ = {
			isa = PBXSourcesBuildPhase;
			buildActionMask = 2147483647;
			files = (
				08D0958A193D7B7C00C3EB35 /* NSObject+MJKeyValue.m in Sources */,
				08D09588193D7B7C00C3EB35 /* NSObject+MJCoding.m in Sources */,
				08D0957E193D7B7C00C3EB35 /* MJIvar.m in Sources */,
				08D09586193D7B7C00C3EB35 /* MJTypeEncoding.m in Sources */,
				08D09584193D7B7C00C3EB35 /* MJType.m in Sources */,
				08D09582193D7B7C00C3EB35 /* MJMethod.m in Sources */,
				08D09580193D7B7C00C3EB35 /* MJMember.m in Sources */,
				08D0958C193D7B7C00C3EB35 /* NSObject+MJMember.m in Sources */,
				08D0957B193D7B7C00C3EB35 /* MJArgument.m in Sources */,
			);
			runOnlyForDeploymentPostprocessing = 0;
		};
/* End PBXSourcesBuildPhase section */

/* Begin PBXVariantGroup section */
		08D0955D193D7B5F00C3EB35 /* InfoPlist.strings */ = {
			isa = PBXVariantGroup;
			children = (
				08D0955E193D7B5F00C3EB35 /* en */,
			);
			name = InfoPlist.strings;
			sourceTree = "<group>";
		};
/* End PBXVariantGroup section */

/* Begin XCBuildConfiguration section */
		08D09561193D7B5F00C3EB35 /* Debug */ = {
			isa = XCBuildConfiguration;
			buildSettings = {
				ALWAYS_SEARCH_USER_PATHS = NO;
				CLANG_CXX_LANGUAGE_STANDARD = "gnu++0x";
				CLANG_CXX_LIBRARY = "libc++";
				CLANG_ENABLE_MODULES = YES;
				CLANG_ENABLE_OBJC_ARC = YES;
				CLANG_WARN_BOOL_CONVERSION = YES;
				CLANG_WARN_CONSTANT_CONVERSION = YES;
				CLANG_WARN_DIRECT_OBJC_ISA_USAGE = YES_ERROR;
				CLANG_WARN_EMPTY_BODY = YES;
				CLANG_WARN_ENUM_CONVERSION = YES;
				CLANG_WARN_INT_CONVERSION = YES;
				CLANG_WARN_OBJC_ROOT_CLASS = YES_ERROR;
				CLANG_WARN__DUPLICATE_METHOD_MATCH = YES;
				COPY_PHASE_STRIP = NO;
				GCC_C_LANGUAGE_STANDARD = gnu99;
				GCC_DYNAMIC_NO_PIC = NO;
				GCC_ENABLE_OBJC_EXCEPTIONS = YES;
				GCC_OPTIMIZATION_LEVEL = 0;
				GCC_PREPROCESSOR_DEFINITIONS = (
					"DEBUG=1",
					"$(inherited)",
				);
				GCC_SYMBOLS_PRIVATE_EXTERN = NO;
				GCC_WARN_64_TO_32_BIT_CONVERSION = YES;
				GCC_WARN_ABOUT_RETURN_TYPE = YES_ERROR;
				GCC_WARN_UNDECLARED_SELECTOR = YES;
				GCC_WARN_UNINITIALIZED_AUTOS = YES_AGGRESSIVE;
				GCC_WARN_UNUSED_FUNCTION = YES;
				GCC_WARN_UNUSED_VARIABLE = YES;
				MACOSX_DEPLOYMENT_TARGET = 10.9;
				ONLY_ACTIVE_ARCH = YES;
				SDKROOT = macosx;
			};
			name = Debug;
		};
		08D09562193D7B5F00C3EB35 /* Release */ = {
			isa = XCBuildConfiguration;
			buildSettings = {
				ALWAYS_SEARCH_USER_PATHS = NO;
				CLANG_CXX_LANGUAGE_STANDARD = "gnu++0x";
				CLANG_CXX_LIBRARY = "libc++";
				CLANG_ENABLE_MODULES = YES;
				CLANG_ENABLE_OBJC_ARC = YES;
				CLANG_WARN_BOOL_CONVERSION = YES;
				CLANG_WARN_CONSTANT_CONVERSION = YES;
				CLANG_WARN_DIRECT_OBJC_ISA_USAGE = YES_ERROR;
				CLANG_WARN_EMPTY_BODY = YES;
				CLANG_WARN_ENUM_CONVERSION = YES;
				CLANG_WARN_INT_CONVERSION = YES;
				CLANG_WARN_OBJC_ROOT_CLASS = YES_ERROR;
				CLANG_WARN__DUPLICATE_METHOD_MATCH = YES;
				COPY_PHASE_STRIP = YES;
				DEBUG_INFORMATION_FORMAT = "dwarf-with-dsym";
				ENABLE_NS_ASSERTIONS = NO;
				GCC_C_LANGUAGE_STANDARD = gnu99;
				GCC_ENABLE_OBJC_EXCEPTIONS = YES;
				GCC_WARN_64_TO_32_BIT_CONVERSION = YES;
				GCC_WARN_ABOUT_RETURN_TYPE = YES_ERROR;
				GCC_WARN_UNDECLARED_SELECTOR = YES;
				GCC_WARN_UNINITIALIZED_AUTOS = YES_AGGRESSIVE;
				GCC_WARN_UNUSED_FUNCTION = YES;
				GCC_WARN_UNUSED_VARIABLE = YES;
				MACOSX_DEPLOYMENT_TARGET = 10.9;
				SDKROOT = macosx;
			};
			name = Release;
		};
		08D09564193D7B5F00C3EB35 /* Debug */ = {
			isa = XCBuildConfiguration;
			buildSettings = {
				COMBINE_HIDPI_IMAGES = YES;
				DEAD_CODE_STRIPPING = NO;
				GCC_PRECOMPILE_PREFIX_HEADER = YES;
				GCC_PREFIX_HEADER = "MJExtension/MJExtension-Prefix.pch";
				INFOPLIST_FILE = "MJExtension/MJExtension-Info.plist";
				INSTALL_PATH = "$(LOCAL_LIBRARY_DIR)/Bundles";
				LINK_WITH_STANDARD_LIBRARIES = NO;
				MACH_O_TYPE = mh_object;
				PRODUCT_NAME = "$(TARGET_NAME)";
				SDKROOT = iphoneos;
				WRAPPER_EXTENSION = framework;
			};
			name = Debug;
		};
		08D09565193D7B5F00C3EB35 /* Release */ = {
			isa = XCBuildConfiguration;
			buildSettings = {
				COMBINE_HIDPI_IMAGES = YES;
				DEAD_CODE_STRIPPING = NO;
				GCC_PRECOMPILE_PREFIX_HEADER = YES;
				GCC_PREFIX_HEADER = "MJExtension/MJExtension-Prefix.pch";
				INFOPLIST_FILE = "MJExtension/MJExtension-Info.plist";
				INSTALL_PATH = "$(LOCAL_LIBRARY_DIR)/Bundles";
				LINK_WITH_STANDARD_LIBRARIES = NO;
				MACH_O_TYPE = mh_object;
				PRODUCT_NAME = "$(TARGET_NAME)";
				SDKROOT = iphoneos;
				WRAPPER_EXTENSION = framework;
			};
			name = Release;
		};
/* End XCBuildConfiguration section */

/* Begin XCConfigurationList section */
		08D0954C193D7B5F00C3EB35 /* Build configuration list for PBXProject "MJExtension" */ = {
			isa = XCConfigurationList;
			buildConfigurations = (
				08D09561193D7B5F00C3EB35 /* Debug */,
				08D09562193D7B5F00C3EB35 /* Release */,
			);
			defaultConfigurationIsVisible = 0;
			defaultConfigurationName = Release;
		};
		08D09563193D7B5F00C3EB35 /* Build configuration list for PBXNativeTarget "MJExtension" */ = {
			isa = XCConfigurationList;
			buildConfigurations = (
				08D09564193D7B5F00C3EB35 /* Debug */,
				08D09565193D7B5F00C3EB35 /* Release */,
			);
			defaultConfigurationIsVisible = 0;
		};
/* End XCConfigurationList section */
	};
	rootObject = 08D09549193D7B5F00C3EB35 /* Project object */;
}
